
Microsoft Visual Studio Solution File, Format Version 12.00
# Visual Studio Version 17
Project("{8BC9CEB8-8B4A-11D0-8D11-00A0C91BC942}") = "game", "_build\game.vcxproj", "{9F35977C-8B6C-980D-3459-7E10206F140F}"
	ProjectSection(ProjectDependencies) = postProject
		{8898EA18-743A-15EF-5DF5-284349369C3F} = {8898EA18-743A-15EF-5DF5-284349369C3F}
	EndProjectSection
EndProject
Project("{8BC9CEB8-8B4A-11D0-8D11-00A0C91BC942}") = "raylib", "_build\raylib.vcxproj", "{8898EA18-743A-15EF-5DF5-284349369C3F}"
EndProject
Project("{8BC9CEB8-8B4A-11D0-8D11-00A0C91BC942}") = "rlImGui", "_build\rlImGui.vcxproj", "{DECE814C-4AAE-00E8-53C6-8BBEBF246749}"
EndProject
Project("{8BC9CEB8-8B4A-11D0-8D11-00A0C91BC942}") = "wadReader", "_build\wadReader.vcxproj", "{D40C4875-4077-FCEB-89B5-AD91F55EDA40}"
EndProject
Global
	GlobalSection(SolutionConfigurationPlatforms) = preSolution
		Debug|x64 = Debug|x64
		Release|x64 = Release|x64
	EndGlobalSection
	GlobalSection(SolutionConfigurationPlatforms) = preSolution
		Debug|ARM64 = Debug|ARM64
		Debug|Win32 = Debug|Win32
		Release|ARM64 = Release|ARM64
		Release|Win32 = Release|Win32
	EndGlobalSection
	GlobalSection(ProjectConfigurationPlatforms) = postSolution
		{9F35977C-8B6C-980D-3459-7E10206F140F}.Debug|ARM64.ActiveCfg = Debug|ARM64
		{9F35977C-8B6C-980D-3459-7E10206F140F}.Debug|ARM64.Build.0 = Debug|ARM64
		{9F35977C-8B6C-980D-3459-7E10206F140F}.Debug|Win32.ActiveCfg = Debug|Win32
		{9F35977C-8B6C-980D-3459-7E10206F140F}.Debug|Win32.Build.0 = Debug|Win32
		{9F35977C-8B6C-980D-3459-7E10206F140F}.Debug|x64.ActiveCfg = Debug|x64
		{9F35977C-8B6C-980D-3459-7E10206F140F}.Debug|x64.Build.0 = Debug|x64
		{9F35977C-8B6C-980D-3459-7E10206F140F}.Release|ARM64.ActiveCfg = Release|ARM64
		{9F35977C-8B6C-980D-3459-7E10206F140F}.Release|ARM64.Build.0 = Release|ARM64
		{9F35977C-8B6C-980D-3459-7E10206F140F}.Release|Win32.ActiveCfg = Release|Win32
		{9F35977C-8B6C-980D-3459-7E10206F140F}.Release|Win32.Build.0 = Release|Win32
		{9F35977C-8B6C-980D-3459-7E10206F140F}.Release|x64.ActiveCfg = Release|x64
		{9F35977C-8B6C-980D-3459-7E10206F140F}.Release|x64.Build.0 = Release|x64
		{8898EA18-743A-15EF-5DF5-284349369C3F}.Debug|ARM64.ActiveCfg = Debug|ARM64
		{8898EA18-743A-15EF-5DF5-284349369C3F}.Debug|ARM64.Build.0 = Debug|ARM64
		{8898EA18-743A-15EF-5DF5-284349369C3F}.Debug|Win32.ActiveCfg = Debug|Win32
		{8898EA18-743A-15EF-5DF5-284349369C3F}.Debug|Win32.Build.0 = Debug|Win32
		{8898EA18-743A-15EF-5DF5-284349369C3F}.Debug|x64.ActiveCfg = Debug|x64
		{8898EA18-743A-15EF-5DF5-284349369C3F}.Debug|x64.Build.0 = Debug|x64
		{8898EA18-743A-15EF-5DF5-284349369C3F}.Release|ARM64.ActiveCfg = Release|ARM64
		{8898EA18-743A-15EF-5DF5-284349369C3F}.Release|ARM64.Build.0 = Release|ARM64
		{8898EA18-743A-15EF-5DF5-284349369C3F}.Release|Win32.ActiveCfg = Release|Win32
		{8898EA18-743A-15EF-5DF5-284349369C3F}.Release|Win32.Build.0 = Release|Win32
		{8898EA18-743A-15EF-5DF5-284349369C3F}.Release|x64.ActiveCfg = Release|x64
		{8898EA18-743A-15EF-5DF5-284349369C3F}.Release|x64.Build.0 = Release|x64
		{DECE814C-4AAE-00E8-53C6-8BBEBF246749}.Debug|ARM64.ActiveCfg = Debug|ARM64
		{DECE814C-4AAE-00E8-53C6-8BBEBF246749}.Debug|ARM64.Build.0 = Debug|ARM64
		{DECE814C-4AAE-00E8-53C6-8BBEBF246749}.Debug|Win32.ActiveCfg = Debug|Win32
		{DECE814C-4AAE-00E8-53C6-8BBEBF246749}.Debug|Win32.Build.0 = Debug|Win32
		{DECE814C-4AAE-00E8-53C6-8BBEBF246749}.Debug|x64.ActiveCfg = Debug|x64
		{DECE814C-4AAE-00E8-53C6-8BBEBF246749}.Debug|x64.Build.0 = Debug|x64
		{DECE814C-4AAE-00E8-53C6-8BBEBF246749}.Release|ARM64.ActiveCfg = Release|ARM64
		{DECE814C-4AAE-00E8-53C6-8BBEBF246749}.Release|ARM64.Build.0 = Release|ARM64
		{DECE814C-4AAE-00E8-53C6-8BBEBF246749}.Release|Win32.ActiveCfg = Release|Win32
		{DECE814C-4AAE-00E8-53C6-8BBEBF246749}.Release|Win32.Build.0 = Release|Win32
		{DECE814C-4AAE-00E8-53C6-8BBEBF246749}.Release|x64.ActiveCfg = Release|x64
		{DECE814C-4AAE-00E8-53C6-8BBEBF246749}.Release|x64.Build.0 = Release|x64
		{D40C4875-4077-FCEB-89B5-AD91F55EDA40}.Debug|ARM64.ActiveCfg = Debug|ARM64
		{D40C4875-4077-FCEB-89B5-AD91F55EDA40}.Debug|ARM64.Build.0 = Debug|ARM64
		{D40C4875-4077-FCEB-89B5-AD91F55EDA40}.Debug|Win32.ActiveCfg = Debug|Win32
		{D40C4875-4077-FCEB-89B5-AD91F55EDA40}.Debug|Win32.Build.0 = Debug|Win32
		{D40C4875-4077-FCEB-89B5-AD91F55EDA40}.Debug|x64.ActiveCfg = Debug|x64
		{D40C4875-4077-FCEB-89B5-AD91F55EDA40}.Debug|x64.Build.0 = Debug|x64
		{D40C4875-4077-FCEB-89B5-AD91F55EDA40}.Release|ARM64.ActiveCfg = Release|ARM64
		{D40C4875-4077-FCEB-89B5-AD91F55EDA40}.Release|ARM64.Build.0 = Release|ARM64
		{D40C4875-4077-FCEB-89B5-AD91F55EDA40}.Release|Win32.ActiveCfg = Release|Win32
		{D40C4875-4077-FCEB-89B5-AD91F55EDA40}.Release|Win32.Build.0 = Release|Win32
		{D40C4875-4077-FCEB-89B5-AD91F55EDA40}.Release|x64.ActiveCfg = Release|x64
		{D40C4875-4077-FCEB-89B5-AD91F55EDA40}.Release|x64.Build.0 = Release|x64
	EndGlobalSection
	GlobalSection(SolutionProperties) = preSolution
		HideSolutionNode = FALSE
	EndGlobalSection
EndGlobal
